
Microsoft Visual Studio Solution File, Format Version 12.00
# Visual Studio Version 17
VisualStudioVersion = 17.14.36221.1 d17.14
MinimumVisualStudioVersion = 10.0.40219.1
Project("{FAE04EC0-301F-11D3-BF4B-00C04F79EFBC}") = "DistributedMatrixApp.Server", "DistributedMatrixApp.Server\DistributedMatrixApp.Server.csproj", "{D883033E-9403-473B-B50E-591DA55145B0}"
EndProject
Project("{FAE04EC0-301F-11D3-BF4B-00C04F79EFBC}") = "DistributedMatrixApp.Common", "DistributedMatrixApp.Common\DistributedMatrixApp.Common.csproj", "{8D0A8F65-6406-47F3-8CCC-F32E8FCE0981}"
EndProject
Global
	GlobalSection(SolutionConfigurationPlatforms) = preSolution
		Debug|Any CPU = Debug|Any CPU
		Release|Any CPU = Release|Any CPU
	EndGlobalSection
	GlobalSection(ProjectConfigurationPlatforms) = postSolution
		{D883033E-9403-473B-B50E-591DA55145B0}.Debug|Any CPU.ActiveCfg = Debug|Any CPU
		{D883033E-9403-473B-B50E-591DA55145B0}.Debug|Any CPU.Build.0 = Debug|Any CPU
		{D883033E-9403-473B-B50E-591DA55145B0}.Release|Any CPU.ActiveCfg = Release|Any CPU
		{D883033E-9403-473B-B50E-591DA55145B0}.Release|Any CPU.Build.0 = Release|Any CPU
		{8D0A8F65-6406-47F3-8CCC-F32E8FCE0981}.Debug|Any CPU.ActiveCfg = Debug|Any CPU
		{8D0A8F65-6406-47F3-8CCC-F32E8FCE0981}.Debug|Any CPU.Build.0 = Debug|Any CPU
		{8D0A8F65-6406-47F3-8CCC-F32E8FCE0981}.Release|Any CPU.ActiveCfg = Release|Any CPU
		{8D0A8F65-6406-47F3-8CCC-F32E8FCE0981}.Release|Any CPU.Build.0 = Release|Any CPU
	EndGlobalSection
	GlobalSection(SolutionProperties) = preSolution
		HideSolutionNode = FALSE
	EndGlobalSection
	GlobalSection(ExtensibilityGlobals) = postSolution
		SolutionGuid = {5E2BBE5A-F074-466C-9D86-AC770B64E56A}
	EndGlobalSection
EndGlobal
